
Microsoft Visual Studio Solution File, Format Version 12.00
# Visual Studio 14
VisualStudioVersion = 14.0.25420.1
MinimumVisualStudioVersion = 10.0.40219.1
Project("{FAE04EC0-301F-11D3-BF4B-00C04F79EFBC}") = "AutofacWebAPI", "AutofacWebAPI\AutofacWebAPI.csproj", "{39ED42D7-E5B4-48FF-82F1-8C9389E46766}"
EndProject
Project("{FAE04EC0-301F-11D3-BF4B-00C04F79EFBC}") = "Infraestructure.IoC.Interfaces", "Infraestructure.IoC.Interfaces\Infraestructure.IoC.Interfaces.csproj", "{BA053183-E6B4-4D89-9B91-866111B0260B}"
EndProject
Project("{FAE04EC0-301F-11D3-BF4B-00C04F79EFBC}") = "Infraestructure.IoC.Implementation", "Infraestructure.IoC.Implementation\Infraestructure.IoC.Implementation.csproj", "{C4828593-CAEC-4BF8-8C25-3CE1E208C732}"
EndProject
Project("{FAE04EC0-301F-11D3-BF4B-00C04F79EFBC}") = "Infraestructure.Repository.Interfaces", "Infraestructure.Repository.Interfaces\Infraestructure.Repository.Interfaces.csproj", "{89C7B753-F188-4DAF-BC97-5DA682A73EDC}"
EndProject
Project("{FAE04EC0-301F-11D3-BF4B-00C04F79EFBC}") = "Infraestructure.Repository.Mongo", "Infraestructure.Repository.Mongo\Infraestructure.Repository.Mongo.csproj", "{DF9652A1-6152-4007-B05A-EFA2465B7F8F}"
EndProject
Project("{FAE04EC0-301F-11D3-BF4B-00C04F79EFBC}") = "Infraestructure.Commons", "Infraestructure.Commons\Infraestructure.Commons.csproj", "{3E3CD8AC-F9ED-439F-808A-F3D8DAB73B58}"
EndProject
Project("{FAE04EC0-301F-11D3-BF4B-00C04F79EFBC}") = "Domain.Repository.Implementation", "Domain.Repository.Implementation\Domain.Repository.Implementation.csproj", "{928EDC97-D357-44AE-9564-583813E27CFC}"
EndProject
Global
	GlobalSection(SolutionConfigurationPlatforms) = preSolution
		Debug|Any CPU = Debug|Any CPU
		Release|Any CPU = Release|Any CPU
	EndGlobalSection
	GlobalSection(ProjectConfigurationPlatforms) = postSolution
		{39ED42D7-E5B4-48FF-82F1-8C9389E46766}.Debug|Any CPU.ActiveCfg = Debug|Any CPU
		{39ED42D7-E5B4-48FF-82F1-8C9389E46766}.Debug|Any CPU.Build.0 = Debug|Any CPU
		{39ED42D7-E5B4-48FF-82F1-8C9389E46766}.Release|Any CPU.ActiveCfg = Release|Any CPU
		{39ED42D7-E5B4-48FF-82F1-8C9389E46766}.Release|Any CPU.Build.0 = Release|Any CPU
		{BA053183-E6B4-4D89-9B91-866111B0260B}.Debug|Any CPU.ActiveCfg = Debug|Any CPU
		{BA053183-E6B4-4D89-9B91-866111B0260B}.Debug|Any CPU.Build.0 = Debug|Any CPU
		{BA053183-E6B4-4D89-9B91-866111B0260B}.Release|Any CPU.ActiveCfg = Release|Any CPU
		{BA053183-E6B4-4D89-9B91-866111B0260B}.Release|Any CPU.Build.0 = Release|Any CPU
		{C4828593-CAEC-4BF8-8C25-3CE1E208C732}.Debug|Any CPU.ActiveCfg = Debug|Any CPU
		{C4828593-CAEC-4BF8-8C25-3CE1E208C732}.Debug|Any CPU.Build.0 = Debug|Any CPU
		{C4828593-CAEC-4BF8-8C25-3CE1E208C732}.Release|Any CPU.ActiveCfg = Release|Any CPU
		{C4828593-CAEC-4BF8-8C25-3CE1E208C732}.Release|Any CPU.Build.0 = Release|Any CPU
		{89C7B753-F188-4DAF-BC97-5DA682A73EDC}.Debug|Any CPU.ActiveCfg = Debug|Any CPU
		{89C7B753-F188-4DAF-BC97-5DA682A73EDC}.Debug|Any CPU.Build.0 = Debug|Any CPU
		{89C7B753-F188-4DAF-BC97-5DA682A73EDC}.Release|Any CPU.ActiveCfg = Release|Any CPU
		{89C7B753-F188-4DAF-BC97-5DA682A73EDC}.Release|Any CPU.Build.0 = Release|Any CPU
		{DF9652A1-6152-4007-B05A-EFA2465B7F8F}.Debug|Any CPU.ActiveCfg = Debug|Any CPU
		{DF9652A1-6152-4007-B05A-EFA2465B7F8F}.Debug|Any CPU.Build.0 = Debug|Any CPU
		{DF9652A1-6152-4007-B05A-EFA2465B7F8F}.Release|Any CPU.ActiveCfg = Release|Any CPU
		{DF9652A1-6152-4007-B05A-EFA2465B7F8F}.Release|Any CPU.Build.0 = Release|Any CPU
		{3E3CD8AC-F9ED-439F-808A-F3D8DAB73B58}.Debug|Any CPU.ActiveCfg = Debug|Any CPU
		{3E3CD8AC-F9ED-439F-808A-F3D8DAB73B58}.Debug|Any CPU.Build.0 = Debug|Any CPU
		{3E3CD8AC-F9ED-439F-808A-F3D8DAB73B58}.Release|Any CPU.ActiveCfg = Release|Any CPU
		{3E3CD8AC-F9ED-439F-808A-F3D8DAB73B58}.Release|Any CPU.Build.0 = Release|Any CPU
		{928EDC97-D357-44AE-9564-583813E27CFC}.Debug|Any CPU.ActiveCfg = Debug|Any CPU
		{928EDC97-D357-44AE-9564-583813E27CFC}.Debug|Any CPU.Build.0 = Debug|Any CPU
		{928EDC97-D357-44AE-9564-583813E27CFC}.Release|Any CPU.ActiveCfg = Release|Any CPU
		{928EDC97-D357-44AE-9564-583813E27CFC}.Release|Any CPU.Build.0 = Release|Any CPU
	EndGlobalSection
	GlobalSection(SolutionProperties) = preSolution
		HideSolutionNode = FALSE
	EndGlobalSection
EndGlobal
